
Microsoft Visual Studio Solution File, Format Version 12.00
# Visual Studio Version 17
VisualStudioVersion = 17.6.33706.43
MinimumVisualStudioVersion = 10.0.40219.1
Project("{FAE04EC0-301F-11D3-BF4B-00C04F79EFBC}") = "BulkyWeb", "BulkyWeb\BulkyWeb.csproj", "{624326B1-F2BF-48C3-8D52-26F0D685FD9C}"
EndProject
Global
	GlobalSection(SolutionConfigurationPlatforms) = preSolution
		Debug|Any CPU = Debug|Any CPU
		Release|Any CPU = Release|Any CPU
	EndGlobalSection
	GlobalSection(ProjectConfigurationPlatforms) = postSolution
		{624326B1-F2BF-48C3-8D52-26F0D685FD9C}.Debug|Any CPU.ActiveCfg = Debug|Any CPU
		{624326B1-F2BF-48C3-8D52-26F0D685FD9C}.Debug|Any CPU.Build.0 = Debug|Any CPU
		{624326B1-F2BF-48C3-8D52-26F0D685FD9C}.Release|Any CPU.ActiveCfg = Release|Any CPU
		{624326B1-F2BF-48C3-8D52-26F0D685FD9C}.Release|Any CPU.Build.0 = Release|Any CPU
	EndGlobalSection
	GlobalSection(SolutionProperties) = preSolution
		HideSolutionNode = FALSE
	EndGlobalSection
	GlobalSection(ExtensibilityGlobals) = postSolution
		SolutionGuid = {FF9B64BE-975B-4363-8CA4-B75240787E6F}
	EndGlobalSection
EndGlobal
